github.com/minoxs/gosu-api v1.12.0 h1:rnEIZy4Da2jQblr/SzOR8Hbkr2Ir3G7IcQQPh9XfiVM=
github.com/minoxs/gosu-api v1.12.0/go.mod h1:8zN5wQMPaHdknLA05ZB6nPavBbKZrQEeSX0noqgQzo0=
github.com/minoxs/gosu-api v1.12.1 h1:/VJ6xV5kJ+8U3OLTgiBN5LjlqGXaiybJXre1FjgT4n4=
github.com/minoxs/gosu-api v1.12.1/go.mod h1:8zN5wQMPaHdknLA05ZB6nPavBbKZrQEeSX0noqgQzo0=
